lockfileVersion: '9.0'

settings:
  autoInstallPeers: true
  excludeLinksFromLockfile: false

importers:

  .:
    dependencies:
      coinp:
        specifier: ^1.0.0
        version: 1.0.0

packages:

  coinp@1.0.0:
    resolution: {integrity: sha512-78LNmnXDjaeMtjffXcEP+nBNYPBDj26qo/K5WYbsJqHrf3MLMNUq9Hws9bXVXivlQ/s85teIUHCiX/5gR7mJGA==}

snapshots:

  coinp@1.0.0: {}
