lockfileVersion: '9.0'

settings:
  autoInstallPeers: true
  excludeLinksFromLockfile: false

importers:

  .:
    dependencies:
      coinp:
        specifier: ^0.4.0
        version: 0.4.0

packages:

  coinp@0.4.0:
    resolution: {integrity: sha512-o0+TBE3lpno1SwsNC1WxsdPMQKnAH1J0zcAemoS2o/WY9y0BahqFLWW6P01ko5uFS1L4OIBWEUcD0plmwbFqdQ==}

snapshots:

  coinp@0.4.0: {}
